
Microsoft Visual Studio Solution File, Format Version 12.00
# Visual Studio Version 17
VisualStudioVersion = 17.12.35707.178
MinimumVisualStudioVersion = 10.0.40219.1
Project("{FAE04EC0-301F-11D3-BF4B-00C04F79EFBC}") = "_001_HelloWorld", "_001_HelloWorld\_001_HelloWorld.csproj", "{EC062E04-EF59-40B2-B24A-F8E51E2FE462}"
EndProject
Project("{2150E333-8FDC-42A3-9474-1A3956D46DE8}") = "解决方案项", "解决方案项", "{54963201-DE2A-4F31-A935-F39922212384}"
	ProjectSection(SolutionItems) = preProject
		README.md = README.md
	EndProjectSection
EndProject
Project("{FAE04EC0-301F-11D3-BF4B-00C04F79EFBC}") = "_002_CreateWindowFromApp", "_002_CreateWindowFromApp\_002_CreateWindowFromApp.csproj", "{28745A07-4D01-4143-89DF-3CB09ABDB1BE}"
EndProject
Project("{FAE04EC0-301F-11D3-BF4B-00C04F79EFBC}") = "_003_CreateWinFormDLL", "_003_CreateWinFormDLL\_003_CreateWinFormDLL.csproj", "{F379CFF0-BBFD-4478-BEF7-DEC52A244DEE}"
EndProject
Project("{FAE04EC0-301F-11D3-BF4B-00C04F79EFBC}") = "_004_OutputIntegerType", "_004_OutputIntegerType\_004_OutputIntegerType.csproj", "{3720F1A9-EAF9-4D7E-A401-4B9DAD8C33F6}"
EndProject
Project("{FAE04EC0-301F-11D3-BF4B-00C04F79EFBC}") = "_005_OutputFloatType", "_005_OutputFloatType\_005_OutputFloatType.csproj", "{5EBACF95-B6C4-414F-B197-386A68E77895}"
EndProject
Project("{FAE04EC0-301F-11D3-BF4B-00C04F79EFBC}") = "_006_JudgeRectIsSquare", "_006_JudgeRectIsSquare\_006_JudgeRectIsSquare.csproj", "{DBBBD3E9-31C0-4FA4-8183-E9AF9B945D37}"
EndProject
Project("{FAE04EC0-301F-11D3-BF4B-00C04F79EFBC}") = "_007_UseEnumType", "_007_UseEnumType\_007_UseEnumType.csproj", "{D3FA72E2-D7A6-438C-BA5C-7AC19EA61981}"
EndProject
Project("{FAE04EC0-301F-11D3-BF4B-00C04F79EFBC}") = "_008_Modify_H_And_R_Of_the_Cylinder", "_008_Modify H And R Of the Cylinder\_008_Modify_H_And_R_Of_the_Cylinder.csproj", "{13C85AE8-18A9-4495-9160-4532622B2321}"
EndProject
Project("{FAE04EC0-301F-11D3-BF4B-00C04F79EFBC}") = "_009_CalcCircleArea", "_009_CalcCircleArea\_009_CalcCircleArea.csproj", "{1DE60805-6081-41D7-8856-B1F3C3799844}"
EndProject
Project("{FAE04EC0-301F-11D3-BF4B-00C04F79EFBC}") = "_010_CalcRectArea", "_010_CalcRectArea\_010_CalcRectArea.csproj", "{30E8EA98-DE7F-40C5-84ED-F56E6F1C378C}"
EndProject
Project("{FAE04EC0-301F-11D3-BF4B-00C04F79EFBC}") = "_011_SimpleCalculator", "_011_SimpleCalculator\_011_SimpleCalculator.csproj", "{BD772405-F385-411D-A11C-7BEBB5527459}"
EndProject
Project("{FAE04EC0-301F-11D3-BF4B-00C04F79EFBC}") = "_012_Relation", "_012_Relation\_012_Relation.csproj", "{C2E972E6-D988-4090-B8BD-3FDF958BFFD5}"
EndProject
Project("{FAE04EC0-301F-11D3-BF4B-00C04F79EFBC}") = "_013_Logic", "_013_Logic\_013_Logic.csproj", "{5D775FD5-5438-40B4-8CB0-7094507662B9}"
EndProject
Project("{FAE04EC0-301F-11D3-BF4B-00C04F79EFBC}") = "_014_Condition", "_014_Condition\_014_Condition.csproj", "{819D1484-7FF4-42F8-BFBC-27CA8AFF34DD}"
EndProject
Project("{FAE04EC0-301F-11D3-BF4B-00C04F79EFBC}") = "_015_GetMaxIn3Num", "_015_GetMaxIn3Num\_015_GetMaxIn3Num.csproj", "{51C9614E-7059-48EC-B20B-77A75031AD12}"
EndProject
Project("{FAE04EC0-301F-11D3-BF4B-00C04F79EFBC}") = "_016_ExchangeValue", "_016_ExchangeValue\_016_ExchangeValue.csproj", "{02B56599-21C6-4FFE-9276-FB0DB1DA01B8}"
EndProject
Project("{FAE04EC0-301F-11D3-BF4B-00C04F79EFBC}") = "_017_Factorial", "Factorial\_017_Factorial.csproj", "{6B4BA532-E601-4A32-BEFB-3C829E4F58DB}"
EndProject
Project("{2150E333-8FDC-42A3-9474-1A3956D46DE8}") = "Chapter_01", "Chapter_01", "{6F13710C-8EE3-4C03-8E0F-EDDE6F48AB24}"
EndProject
Project("{FAE04EC0-301F-11D3-BF4B-00C04F79EFBC}") = "_018_Multiplication", "_018_Multiplication\_018_Multiplication.csproj", "{C20F28DF-9ED9-46C3-8F1C-562ABC041D51}"
EndProject
Project("{FAE04EC0-301F-11D3-BF4B-00C04F79EFBC}") = "_019_Discount", "_019_Discount\_019_Discount.csproj", "{7BCA1694-2F0A-481E-BBC3-8D2C1682CCDA}"
EndProject
Project("{2150E333-8FDC-42A3-9474-1A3956D46DE8}") = "Chapter_02", "Chapter_02", "{C82F70E9-A6A9-4FD3-92CA-1CD3F2952134}"
EndProject
Project("{FAE04EC0-301F-11D3-BF4B-00C04F79EFBC}") = "_020_CheckChar", "_020_CheckChar\_020_CheckChar.csproj", "{EB45B8B3-DFF5-4810-A6FE-8D37B813C153}"
EndProject
Project("{FAE04EC0-301F-11D3-BF4B-00C04F79EFBC}") = "_021_SortOutNumbers", "_021_SortOutNumbers\_021_SortOutNumbers.csproj", "{C212F073-BDB9-4FEE-A197-B5538D8C627E}"
EndProject
Project("{FAE04EC0-301F-11D3-BF4B-00C04F79EFBC}") = "_022_OnSpecial", "_022_OnSpecial\_022_OnSpecial.csproj", "{7E1EA047-50B2-408A-9F6B-362C4BFEC12B}"
EndProject
Project("{FAE04EC0-301F-11D3-BF4B-00C04F79EFBC}") = "_023_PrimeNumber", "_023_PrimeNumber\_023_PrimeNumber.csproj", "{66D6DAB9-E467-46C6-B150-42C1F14DF75C}"
EndProject
Project("{FAE04EC0-301F-11D3-BF4B-00C04F79EFBC}") = "_024_Number", "_024_Number\_024_Number.csproj", "{1812221D-6D12-455F-B2A6-7CC266883C6F}"
EndProject
Project("{FAE04EC0-301F-11D3-BF4B-00C04F79EFBC}") = "_025_EvenNumber", "_025_EvenNumber\_025_EvenNumber.csproj", "{DAA30BC1-57D6-44FA-8D71-8877A09D079B}"
EndProject
Global
	GlobalSection(SolutionConfigurationPlatforms) = preSolution
		Debug|Any CPU = Debug|Any CPU
		Release|Any CPU = Release|Any CPU
	EndGlobalSection
	GlobalSection(ProjectConfigurationPlatforms) = postSolution
		{EC062E04-EF59-40B2-B24A-F8E51E2FE462}.Debug|Any CPU.ActiveCfg = Debug|Any CPU
		{EC062E04-EF59-40B2-B24A-F8E51E2FE462}.Debug|Any CPU.Build.0 = Debug|Any CPU
		{EC062E04-EF59-40B2-B24A-F8E51E2FE462}.Release|Any CPU.ActiveCfg = Release|Any CPU
		{EC062E04-EF59-40B2-B24A-F8E51E2FE462}.Release|Any CPU.Build.0 = Release|Any CPU
		{28745A07-4D01-4143-89DF-3CB09ABDB1BE}.Debug|Any CPU.ActiveCfg = Debug|Any CPU
		{28745A07-4D01-4143-89DF-3CB09ABDB1BE}.Debug|Any CPU.Build.0 = Debug|Any CPU
		{28745A07-4D01-4143-89DF-3CB09ABDB1BE}.Release|Any CPU.ActiveCfg = Release|Any CPU
		{28745A07-4D01-4143-89DF-3CB09ABDB1BE}.Release|Any CPU.Build.0 = Release|Any CPU
		{F379CFF0-BBFD-4478-BEF7-DEC52A244DEE}.Debug|Any CPU.ActiveCfg = Debug|Any CPU
		{F379CFF0-BBFD-4478-BEF7-DEC52A244DEE}.Debug|Any CPU.Build.0 = Debug|Any CPU
		{F379CFF0-BBFD-4478-BEF7-DEC52A244DEE}.Release|Any CPU.ActiveCfg = Release|Any CPU
		{F379CFF0-BBFD-4478-BEF7-DEC52A244DEE}.Release|Any CPU.Build.0 = Release|Any CPU
		{3720F1A9-EAF9-4D7E-A401-4B9DAD8C33F6}.Debug|Any CPU.ActiveCfg = Debug|Any CPU
		{3720F1A9-EAF9-4D7E-A401-4B9DAD8C33F6}.Debug|Any CPU.Build.0 = Debug|Any CPU
		{3720F1A9-EAF9-4D7E-A401-4B9DAD8C33F6}.Release|Any CPU.ActiveCfg = Release|Any CPU
		{3720F1A9-EAF9-4D7E-A401-4B9DAD8C33F6}.Release|Any CPU.Build.0 = Release|Any CPU
		{5EBACF95-B6C4-414F-B197-386A68E77895}.Debug|Any CPU.ActiveCfg = Debug|Any CPU
		{5EBACF95-B6C4-414F-B197-386A68E77895}.Debug|Any CPU.Build.0 = Debug|Any CPU
		{5EBACF95-B6C4-414F-B197-386A68E77895}.Release|Any CPU.ActiveCfg = Release|Any CPU
		{5EBACF95-B6C4-414F-B197-386A68E77895}.Release|Any CPU.Build.0 = Release|Any CPU
		{DBBBD3E9-31C0-4FA4-8183-E9AF9B945D37}.Debug|Any CPU.ActiveCfg = Debug|Any CPU
		{DBBBD3E9-31C0-4FA4-8183-E9AF9B945D37}.Debug|Any CPU.Build.0 = Debug|Any CPU
		{DBBBD3E9-31C0-4FA4-8183-E9AF9B945D37}.Release|Any CPU.ActiveCfg = Release|Any CPU
		{DBBBD3E9-31C0-4FA4-8183-E9AF9B945D37}.Release|Any CPU.Build.0 = Release|Any CPU
		{D3FA72E2-D7A6-438C-BA5C-7AC19EA61981}.Debug|Any CPU.ActiveCfg = Debug|Any CPU
		{D3FA72E2-D7A6-438C-BA5C-7AC19EA61981}.Debug|Any CPU.Build.0 = Debug|Any CPU
		{D3FA72E2-D7A6-438C-BA5C-7AC19EA61981}.Release|Any CPU.ActiveCfg = Release|Any CPU
		{D3FA72E2-D7A6-438C-BA5C-7AC19EA61981}.Release|Any CPU.Build.0 = Release|Any CPU
		{13C85AE8-18A9-4495-9160-4532622B2321}.Debug|Any CPU.ActiveCfg = Debug|Any CPU
		{13C85AE8-18A9-4495-9160-4532622B2321}.Debug|Any CPU.Build.0 = Debug|Any CPU
		{13C85AE8-18A9-4495-9160-4532622B2321}.Release|Any CPU.ActiveCfg = Release|Any CPU
		{13C85AE8-18A9-4495-9160-4532622B2321}.Release|Any CPU.Build.0 = Release|Any CPU
		{1DE60805-6081-41D7-8856-B1F3C3799844}.Debug|Any CPU.ActiveCfg = Debug|Any CPU
		{1DE60805-6081-41D7-8856-B1F3C3799844}.Debug|Any CPU.Build.0 = Debug|Any CPU
		{1DE60805-6081-41D7-8856-B1F3C3799844}.Release|Any CPU.ActiveCfg = Release|Any CPU
		{1DE60805-6081-41D7-8856-B1F3C3799844}.Release|Any CPU.Build.0 = Release|Any CPU
		{30E8EA98-DE7F-40C5-84ED-F56E6F1C378C}.Debug|Any CPU.ActiveCfg = Debug|Any CPU
		{30E8EA98-DE7F-40C5-84ED-F56E6F1C378C}.Debug|Any CPU.Build.0 = Debug|Any CPU
		{30E8EA98-DE7F-40C5-84ED-F56E6F1C378C}.Release|Any CPU.ActiveCfg = Release|Any CPU
		{30E8EA98-DE7F-40C5-84ED-F56E6F1C378C}.Release|Any CPU.Build.0 = Release|Any CPU
		{BD772405-F385-411D-A11C-7BEBB5527459}.Debug|Any CPU.ActiveCfg = Debug|Any CPU
		{BD772405-F385-411D-A11C-7BEBB5527459}.Debug|Any CPU.Build.0 = Debug|Any CPU
		{BD772405-F385-411D-A11C-7BEBB5527459}.Release|Any CPU.ActiveCfg = Release|Any CPU
		{BD772405-F385-411D-A11C-7BEBB5527459}.Release|Any CPU.Build.0 = Release|Any CPU
		{C2E972E6-D988-4090-B8BD-3FDF958BFFD5}.Debug|Any CPU.ActiveCfg = Debug|Any CPU
		{C2E972E6-D988-4090-B8BD-3FDF958BFFD5}.Debug|Any CPU.Build.0 = Debug|Any CPU
		{C2E972E6-D988-4090-B8BD-3FDF958BFFD5}.Release|Any CPU.ActiveCfg = Release|Any CPU
		{C2E972E6-D988-4090-B8BD-3FDF958BFFD5}.Release|Any CPU.Build.0 = Release|Any CPU
		{5D775FD5-5438-40B4-8CB0-7094507662B9}.Debug|Any CPU.ActiveCfg = Debug|Any CPU
		{5D775FD5-5438-40B4-8CB0-7094507662B9}.Debug|Any CPU.Build.0 = Debug|Any CPU
		{5D775FD5-5438-40B4-8CB0-7094507662B9}.Release|Any CPU.ActiveCfg = Release|Any CPU
		{5D775FD5-5438-40B4-8CB0-7094507662B9}.Release|Any CPU.Build.0 = Release|Any CPU
		{819D1484-7FF4-42F8-BFBC-27CA8AFF34DD}.Debug|Any CPU.ActiveCfg = Debug|Any CPU
		{819D1484-7FF4-42F8-BFBC-27CA8AFF34DD}.Debug|Any CPU.Build.0 = Debug|Any CPU
		{819D1484-7FF4-42F8-BFBC-27CA8AFF34DD}.Release|Any CPU.ActiveCfg = Release|Any CPU
		{819D1484-7FF4-42F8-BFBC-27CA8AFF34DD}.Release|Any CPU.Build.0 = Release|Any CPU
		{51C9614E-7059-48EC-B20B-77A75031AD12}.Debug|Any CPU.ActiveCfg = Debug|Any CPU
		{51C9614E-7059-48EC-B20B-77A75031AD12}.Debug|Any CPU.Build.0 = Debug|Any CPU
		{51C9614E-7059-48EC-B20B-77A75031AD12}.Release|Any CPU.ActiveCfg = Release|Any CPU
		{51C9614E-7059-48EC-B20B-77A75031AD12}.Release|Any CPU.Build.0 = Release|Any CPU
		{02B56599-21C6-4FFE-9276-FB0DB1DA01B8}.Debug|Any CPU.ActiveCfg = Debug|Any CPU
		{02B56599-21C6-4FFE-9276-FB0DB1DA01B8}.Debug|Any CPU.Build.0 = Debug|Any CPU
		{02B56599-21C6-4FFE-9276-FB0DB1DA01B8}.Release|Any CPU.ActiveCfg = Release|Any CPU
		{02B56599-21C6-4FFE-9276-FB0DB1DA01B8}.Release|Any CPU.Build.0 = Release|Any CPU
		{6B4BA532-E601-4A32-BEFB-3C829E4F58DB}.Debug|Any CPU.ActiveCfg = Debug|Any CPU
		{6B4BA532-E601-4A32-BEFB-3C829E4F58DB}.Debug|Any CPU.Build.0 = Debug|Any CPU
		{6B4BA532-E601-4A32-BEFB-3C829E4F58DB}.Release|Any CPU.ActiveCfg = Release|Any CPU
		{6B4BA532-E601-4A32-BEFB-3C829E4F58DB}.Release|Any CPU.Build.0 = Release|Any CPU
		{C20F28DF-9ED9-46C3-8F1C-562ABC041D51}.Debug|Any CPU.ActiveCfg = Debug|Any CPU
		{C20F28DF-9ED9-46C3-8F1C-562ABC041D51}.Debug|Any CPU.Build.0 = Debug|Any CPU
		{C20F28DF-9ED9-46C3-8F1C-562ABC041D51}.Release|Any CPU.ActiveCfg = Release|Any CPU
		{C20F28DF-9ED9-46C3-8F1C-562ABC041D51}.Release|Any CPU.Build.0 = Release|Any CPU
		{7BCA1694-2F0A-481E-BBC3-8D2C1682CCDA}.Debug|Any CPU.ActiveCfg = Debug|Any CPU
		{7BCA1694-2F0A-481E-BBC3-8D2C1682CCDA}.Debug|Any CPU.Build.0 = Debug|Any CPU
		{7BCA1694-2F0A-481E-BBC3-8D2C1682CCDA}.Release|Any CPU.ActiveCfg = Release|Any CPU
		{7BCA1694-2F0A-481E-BBC3-8D2C1682CCDA}.Release|Any CPU.Build.0 = Release|Any CPU
		{EB45B8B3-DFF5-4810-A6FE-8D37B813C153}.Debug|Any CPU.ActiveCfg = Debug|Any CPU
		{EB45B8B3-DFF5-4810-A6FE-8D37B813C153}.Debug|Any CPU.Build.0 = Debug|Any CPU
		{EB45B8B3-DFF5-4810-A6FE-8D37B813C153}.Release|Any CPU.ActiveCfg = Release|Any CPU
		{EB45B8B3-DFF5-4810-A6FE-8D37B813C153}.Release|Any CPU.Build.0 = Release|Any CPU
		{C212F073-BDB9-4FEE-A197-B5538D8C627E}.Debug|Any CPU.ActiveCfg = Debug|Any CPU
		{C212F073-BDB9-4FEE-A197-B5538D8C627E}.Debug|Any CPU.Build.0 = Debug|Any CPU
		{C212F073-BDB9-4FEE-A197-B5538D8C627E}.Release|Any CPU.ActiveCfg = Release|Any CPU
		{C212F073-BDB9-4FEE-A197-B5538D8C627E}.Release|Any CPU.Build.0 = Release|Any CPU
		{7E1EA047-50B2-408A-9F6B-362C4BFEC12B}.Debug|Any CPU.ActiveCfg = Debug|Any CPU
		{7E1EA047-50B2-408A-9F6B-362C4BFEC12B}.Debug|Any CPU.Build.0 = Debug|Any CPU
		{7E1EA047-50B2-408A-9F6B-362C4BFEC12B}.Release|Any CPU.ActiveCfg = Release|Any CPU
		{7E1EA047-50B2-408A-9F6B-362C4BFEC12B}.Release|Any CPU.Build.0 = Release|Any CPU
		{66D6DAB9-E467-46C6-B150-42C1F14DF75C}.Debug|Any CPU.ActiveCfg = Debug|Any CPU
		{66D6DAB9-E467-46C6-B150-42C1F14DF75C}.Debug|Any CPU.Build.0 = Debug|Any CPU
		{66D6DAB9-E467-46C6-B150-42C1F14DF75C}.Release|Any CPU.ActiveCfg = Release|Any CPU
		{66D6DAB9-E467-46C6-B150-42C1F14DF75C}.Release|Any CPU.Build.0 = Release|Any CPU
		{1812221D-6D12-455F-B2A6-7CC266883C6F}.Debug|Any CPU.ActiveCfg = Debug|Any CPU
		{1812221D-6D12-455F-B2A6-7CC266883C6F}.Debug|Any CPU.Build.0 = Debug|Any CPU
		{1812221D-6D12-455F-B2A6-7CC266883C6F}.Release|Any CPU.ActiveCfg = Release|Any CPU
		{1812221D-6D12-455F-B2A6-7CC266883C6F}.Release|Any CPU.Build.0 = Release|Any CPU
		{DAA30BC1-57D6-44FA-8D71-8877A09D079B}.Debug|Any CPU.ActiveCfg = Debug|Any CPU
		{DAA30BC1-57D6-44FA-8D71-8877A09D079B}.Debug|Any CPU.Build.0 = Debug|Any CPU
		{DAA30BC1-57D6-44FA-8D71-8877A09D079B}.Release|Any CPU.ActiveCfg = Release|Any CPU
		{DAA30BC1-57D6-44FA-8D71-8877A09D079B}.Release|Any CPU.Build.0 = Release|Any CPU
	EndGlobalSection
	GlobalSection(SolutionProperties) = preSolution
		HideSolutionNode = FALSE
	EndGlobalSection
	GlobalSection(NestedProjects) = preSolution
		{EC062E04-EF59-40B2-B24A-F8E51E2FE462} = {6F13710C-8EE3-4C03-8E0F-EDDE6F48AB24}
		{28745A07-4D01-4143-89DF-3CB09ABDB1BE} = {6F13710C-8EE3-4C03-8E0F-EDDE6F48AB24}
		{F379CFF0-BBFD-4478-BEF7-DEC52A244DEE} = {6F13710C-8EE3-4C03-8E0F-EDDE6F48AB24}
		{3720F1A9-EAF9-4D7E-A401-4B9DAD8C33F6} = {C82F70E9-A6A9-4FD3-92CA-1CD3F2952134}
		{5EBACF95-B6C4-414F-B197-386A68E77895} = {C82F70E9-A6A9-4FD3-92CA-1CD3F2952134}
		{DBBBD3E9-31C0-4FA4-8183-E9AF9B945D37} = {C82F70E9-A6A9-4FD3-92CA-1CD3F2952134}
		{D3FA72E2-D7A6-438C-BA5C-7AC19EA61981} = {C82F70E9-A6A9-4FD3-92CA-1CD3F2952134}
		{13C85AE8-18A9-4495-9160-4532622B2321} = {C82F70E9-A6A9-4FD3-92CA-1CD3F2952134}
		{1DE60805-6081-41D7-8856-B1F3C3799844} = {C82F70E9-A6A9-4FD3-92CA-1CD3F2952134}
		{30E8EA98-DE7F-40C5-84ED-F56E6F1C378C} = {C82F70E9-A6A9-4FD3-92CA-1CD3F2952134}
		{BD772405-F385-411D-A11C-7BEBB5527459} = {C82F70E9-A6A9-4FD3-92CA-1CD3F2952134}
		{C2E972E6-D988-4090-B8BD-3FDF958BFFD5} = {C82F70E9-A6A9-4FD3-92CA-1CD3F2952134}
		{5D775FD5-5438-40B4-8CB0-7094507662B9} = {C82F70E9-A6A9-4FD3-92CA-1CD3F2952134}
		{819D1484-7FF4-42F8-BFBC-27CA8AFF34DD} = {C82F70E9-A6A9-4FD3-92CA-1CD3F2952134}
		{51C9614E-7059-48EC-B20B-77A75031AD12} = {C82F70E9-A6A9-4FD3-92CA-1CD3F2952134}
		{02B56599-21C6-4FFE-9276-FB0DB1DA01B8} = {C82F70E9-A6A9-4FD3-92CA-1CD3F2952134}
		{6B4BA532-E601-4A32-BEFB-3C829E4F58DB} = {C82F70E9-A6A9-4FD3-92CA-1CD3F2952134}
		{C20F28DF-9ED9-46C3-8F1C-562ABC041D51} = {C82F70E9-A6A9-4FD3-92CA-1CD3F2952134}
	EndGlobalSection
EndGlobal
